
Microsoft Visual Studio Solution File, Format Version 12.00
# Visual Studio Version 17
VisualStudioVersion = 17.5.33530.505
MinimumVisualStudioVersion = 10.0.40219.1
Project("{9A19103F-16F7-4668-BE54-9A1E7A4F7556}") = "MutualTlsSample", "MutualTlsSample\MutualTlsSample.csproj", "{A4FA1EC4-230C-40D5-9A7D-5E1E41560646}"
EndProject
Project("{2150E333-8FDC-42A3-9474-1A3956D46DE8}") = "Solution items", "Solution items", "{3AF9CECE-3C23-4ED8-95FE-5AFC1AB07ED8}"
	ProjectSection(SolutionItems) = preProject
		README.md = README.md
	EndProjectSection
EndProject
Project("{FAE04EC0-301F-11D3-BF4B-00C04F79EFBC}") = "ClientSample", "ClientSample\ClientSample.csproj", "{855F737A-0D4A-47D8-A479-99090E7D06FB}"
EndProject
Global
	GlobalSection(SolutionConfigurationPlatforms) = preSolution
		Debug|Any CPU = Debug|Any CPU
		Release|Any CPU = Release|Any CPU
	EndGlobalSection
	GlobalSection(ProjectConfigurationPlatforms) = postSolution
		{A4FA1EC4-230C-40D5-9A7D-5E1E41560646}.Debug|Any CPU.ActiveCfg = Debug|Any CPU
		{A4FA1EC4-230C-40D5-9A7D-5E1E41560646}.Debug|Any CPU.Build.0 = Debug|Any CPU
		{A4FA1EC4-230C-40D5-9A7D-5E1E41560646}.Release|Any CPU.ActiveCfg = Release|Any CPU
		{A4FA1EC4-230C-40D5-9A7D-5E1E41560646}.Release|Any CPU.Build.0 = Release|Any CPU
		{855F737A-0D4A-47D8-A479-99090E7D06FB}.Debug|Any CPU.ActiveCfg = Debug|Any CPU
		{855F737A-0D4A-47D8-A479-99090E7D06FB}.Debug|Any CPU.Build.0 = Debug|Any CPU
		{855F737A-0D4A-47D8-A479-99090E7D06FB}.Release|Any CPU.ActiveCfg = Release|Any CPU
		{855F737A-0D4A-47D8-A479-99090E7D06FB}.Release|Any CPU.Build.0 = Release|Any CPU
	EndGlobalSection
	GlobalSection(SolutionProperties) = preSolution
		HideSolutionNode = FALSE
	EndGlobalSection
	GlobalSection(ExtensibilityGlobals) = postSolution
		SolutionGuid = {092B2C36-A384-4BED-B85B-AF0D63E0F6EE}
	EndGlobalSection
EndGlobal
